
Microsoft Visual Studio Solution File, Format Version 12.00
# Visual Studio Version 16
VisualStudioVersion = 16.0.30128.74
MinimumVisualStudioVersion = 10.0.40219.1
Project("{FAE04EC0-301F-11D3-BF4B-00C04F79EFBC}") = "Git_teste_projeto", "Git_teste_projeto\Git_teste_projeto.csproj", "{94381D92-190D-4CD2-823D-3B34416F9633}"
EndProject
Global
	GlobalSection(SolutionConfigurationPlatforms) = preSolution
		Debug|Any CPU = Debug|Any CPU
		Release|Any CPU = Release|Any CPU
	EndGlobalSection
	GlobalSection(ProjectConfigurationPlatforms) = postSolution
		{94381D92-190D-4CD2-823D-3B34416F9633}.Debug|Any CPU.ActiveCfg = Debug|Any CPU
		{94381D92-190D-4CD2-823D-3B34416F9633}.Debug|Any CPU.Build.0 = Debug|Any CPU
		{94381D92-190D-4CD2-823D-3B34416F9633}.Release|Any CPU.ActiveCfg = Release|Any CPU
		{94381D92-190D-4CD2-823D-3B34416F9633}.Release|Any CPU.Build.0 = Release|Any CPU
	EndGlobalSection
	GlobalSection(SolutionProperties) = preSolution
		HideSolutionNode = FALSE
	EndGlobalSection
	GlobalSection(ExtensibilityGlobals) = postSolution
		SolutionGuid = {874DA1F5-C317-4CF4-9C66-4BFC945BB015}
	EndGlobalSection
EndGlobal
